
Microsoft Visual Studio Solution File, Format Version 12.00
# Visual Studio Version 17
VisualStudioVersion = 17.6.33829.357
MinimumVisualStudioVersion = 10.0.40219.1
Project("{FAE04EC0-301F-11D3-BF4B-00C04F79EFBC}") = "Desafío 1", "Desafío 1\Desafío 1.csproj", "{315AB1E8-CA27-4779-8D5D-838A3BEC9601}"
EndProject
Global
	GlobalSection(SolutionConfigurationPlatforms) = preSolution
		Debug|Any CPU = Debug|Any CPU
		Release|Any CPU = Release|Any CPU
	EndGlobalSection
	GlobalSection(ProjectConfigurationPlatforms) = postSolution
		{315AB1E8-CA27-4779-8D5D-838A3BEC9601}.Debug|Any CPU.ActiveCfg = Debug|Any CPU
		{315AB1E8-CA27-4779-8D5D-838A3BEC9601}.Debug|Any CPU.Build.0 = Debug|Any CPU
		{315AB1E8-CA27-4779-8D5D-838A3BEC9601}.Release|Any CPU.ActiveCfg = Release|Any CPU
		{315AB1E8-CA27-4779-8D5D-838A3BEC9601}.Release|Any CPU.Build.0 = Release|Any CPU
	EndGlobalSection
	GlobalSection(SolutionProperties) = preSolution
		HideSolutionNode = FALSE
	EndGlobalSection
	GlobalSection(ExtensibilityGlobals) = postSolution
		SolutionGuid = {06C0B0D7-0795-4694-86C1-1B7E6B9916AF}
	EndGlobalSection
EndGlobal
